
Microsoft Visual Studio Solution File, Format Version 12.00
# Visual Studio Version 16
Project("{2150E333-8FDC-42A3-9474-1A3956D46DE8}") = "CMakePredefinedTargets", "CMakePredefinedTargets", "{A38F54F9-1B51-3362-83BC-4D1A0C68B07C}"
EndProject
Project("{2150E333-8FDC-42A3-9474-1A3956D46DE8}") = "GLFW3", "GLFW3", "{11B23C13-32BA-3668-B85C-3237D98311BC}"
EndProject
Project("{8BC9CEB8-8B4A-11D0-8D11-00A0C91BC942}") = "ALL_BUILD", "ALL_BUILD.vcxproj", "{6792C170-CAA7-3B03-93CD-BD0325119960}"
	ProjectSection(ProjectDependencies) = postProject
		{30D4DF03-59ED-3538-A0FC-3F86A687093E} = {30D4DF03-59ED-3538-A0FC-3F86A687093E}
		{7B4ADAEF-9964-3EB3-A683-EFFD2F9CDF17} = {7B4ADAEF-9964-3EB3-A683-EFFD2F9CDF17}
	EndProjectSection
EndProject
Project("{8BC9CEB8-8B4A-11D0-8D11-00A0C91BC942}") = "INSTALL", "INSTALL.vcxproj", "{D18F7B5A-6376-3B3A-8953-FAC50880A0CC}"
	ProjectSection(ProjectDependencies) = postProject
		{6792C170-CAA7-3B03-93CD-BD0325119960} = {6792C170-CAA7-3B03-93CD-BD0325119960}
		{30D4DF03-59ED-3538-A0FC-3F86A687093E} = {30D4DF03-59ED-3538-A0FC-3F86A687093E}
	EndProjectSection
EndProject
Project("{8BC9CEB8-8B4A-11D0-8D11-00A0C91BC942}") = "ZERO_CHECK", "..\..\\ZERO_CHECK.vcxproj", "{30D4DF03-59ED-3538-A0FC-3F86A687093E}"
	ProjectSection(ProjectDependencies) = postProject
	EndProjectSection
EndProject
Project("{8BC9CEB8-8B4A-11D0-8D11-00A0C91BC942}") = "glfw", "src\glfw.vcxproj", "{7B4ADAEF-9964-3EB3-A683-EFFD2F9CDF17}"
	ProjectSection(ProjectDependencies) = postProject
		{30D4DF03-59ED-3538-A0FC-3F86A687093E} = {30D4DF03-59ED-3538-A0FC-3F86A687093E}
	EndProjectSection
EndProject
Project("{8BC9CEB8-8B4A-11D0-8D11-00A0C91BC942}") = "uninstall", "uninstall.vcxproj", "{FEDAEE7D-5085-386E-9C0D-555F605F2C2D}"
	ProjectSection(ProjectDependencies) = postProject
		{30D4DF03-59ED-3538-A0FC-3F86A687093E} = {30D4DF03-59ED-3538-A0FC-3F86A687093E}
	EndProjectSection
EndProject
Project("{8BC9CEB8-8B4A-11D0-8D11-00A0C91BC942}") = "update_mappings", "src\update_mappings.vcxproj", "{B54226F5-9D57-39E0-B5E4-5645A4887A36}"
	ProjectSection(ProjectDependencies) = postProject
		{30D4DF03-59ED-3538-A0FC-3F86A687093E} = {30D4DF03-59ED-3538-A0FC-3F86A687093E}
	EndProjectSection
EndProject
Global
	GlobalSection(SolutionConfigurationPlatforms) = preSolution
		Debug|x64 = Debug|x64
		Release|x64 = Release|x64
		MinSizeRel|x64 = MinSizeRel|x64
		RelWithDebInfo|x64 = RelWithDebInfo|x64
	EndGlobalSection
	GlobalSection(ProjectConfigurationPlatforms) = postSolution
		{6792C170-CAA7-3B03-93CD-BD0325119960}.Debug|x64.ActiveCfg = Debug|x64
		{6792C170-CAA7-3B03-93CD-BD0325119960}.Debug|x64.Build.0 = Debug|x64
		{6792C170-CAA7-3B03-93CD-BD0325119960}.Release|x64.ActiveCfg = Release|x64
		{6792C170-CAA7-3B03-93CD-BD0325119960}.Release|x64.Build.0 = Release|x64
		{6792C170-CAA7-3B03-93CD-BD0325119960}.MinSizeRel|x64.ActiveCfg = MinSizeRel|x64
		{6792C170-CAA7-3B03-93CD-BD0325119960}.MinSizeRel|x64.Build.0 = MinSizeRel|x64
		{6792C170-CAA7-3B03-93CD-BD0325119960}.RelWithDebInfo|x64.ActiveCfg = RelWithDebInfo|x64
		{6792C170-CAA7-3B03-93CD-BD0325119960}.RelWithDebInfo|x64.Build.0 = RelWithDebInfo|x64
		{D18F7B5A-6376-3B3A-8953-FAC50880A0CC}.Debug|x64.ActiveCfg = Debug|x64
		{D18F7B5A-6376-3B3A-8953-FAC50880A0CC}.Release|x64.ActiveCfg = Release|x64
		{D18F7B5A-6376-3B3A-8953-FAC50880A0CC}.MinSizeRel|x64.ActiveCfg = MinSizeRel|x64
		{D18F7B5A-6376-3B3A-8953-FAC50880A0CC}.RelWithDebInfo|x64.ActiveCfg = RelWithDebInfo|x64
		{30D4DF03-59ED-3538-A0FC-3F86A687093E}.Debug|x64.ActiveCfg = Debug|x64
		{30D4DF03-59ED-3538-A0FC-3F86A687093E}.Debug|x64.Build.0 = Debug|x64
		{30D4DF03-59ED-3538-A0FC-3F86A687093E}.Release|x64.ActiveCfg = Release|x64
		{30D4DF03-59ED-3538-A0FC-3F86A687093E}.Release|x64.Build.0 = Release|x64
		{30D4DF03-59ED-3538-A0FC-3F86A687093E}.MinSizeRel|x64.ActiveCfg = MinSizeRel|x64
		{30D4DF03-59ED-3538-A0FC-3F86A687093E}.MinSizeRel|x64.Build.0 = MinSizeRel|x64
		{30D4DF03-59ED-3538-A0FC-3F86A687093E}.RelWithDebInfo|x64.ActiveCfg = RelWithDebInfo|x64
		{30D4DF03-59ED-3538-A0FC-3F86A687093E}.RelWithDebInfo|x64.Build.0 = RelWithDebInfo|x64
		{7B4ADAEF-9964-3EB3-A683-EFFD2F9CDF17}.Debug|x64.ActiveCfg = Debug|x64
		{7B4ADAEF-9964-3EB3-A683-EFFD2F9CDF17}.Debug|x64.Build.0 = Debug|x64
		{7B4ADAEF-9964-3EB3-A683-EFFD2F9CDF17}.Release|x64.ActiveCfg = Release|x64
		{7B4ADAEF-9964-3EB3-A683-EFFD2F9CDF17}.Release|x64.Build.0 = Release|x64
		{7B4ADAEF-9964-3EB3-A683-EFFD2F9CDF17}.MinSizeRel|x64.ActiveCfg = MinSizeRel|x64
		{7B4ADAEF-9964-3EB3-A683-EFFD2F9CDF17}.MinSizeRel|x64.Build.0 = MinSizeRel|x64
		{7B4ADAEF-9964-3EB3-A683-EFFD2F9CDF17}.RelWithDebInfo|x64.ActiveCfg = RelWithDebInfo|x64
		{7B4ADAEF-9964-3EB3-A683-EFFD2F9CDF17}.RelWithDebInfo|x64.Build.0 = RelWithDebInfo|x64
		{FEDAEE7D-5085-386E-9C0D-555F605F2C2D}.Debug|x64.ActiveCfg = Debug|x64
		{FEDAEE7D-5085-386E-9C0D-555F605F2C2D}.Release|x64.ActiveCfg = Release|x64
		{FEDAEE7D-5085-386E-9C0D-555F605F2C2D}.MinSizeRel|x64.ActiveCfg = MinSizeRel|x64
		{FEDAEE7D-5085-386E-9C0D-555F605F2C2D}.RelWithDebInfo|x64.ActiveCfg = RelWithDebInfo|x64
		{B54226F5-9D57-39E0-B5E4-5645A4887A36}.Debug|x64.ActiveCfg = Debug|x64
		{B54226F5-9D57-39E0-B5E4-5645A4887A36}.Release|x64.ActiveCfg = Release|x64
		{B54226F5-9D57-39E0-B5E4-5645A4887A36}.MinSizeRel|x64.ActiveCfg = MinSizeRel|x64
		{B54226F5-9D57-39E0-B5E4-5645A4887A36}.RelWithDebInfo|x64.ActiveCfg = RelWithDebInfo|x64
	EndGlobalSection
	GlobalSection(NestedProjects) = preSolution
		{6792C170-CAA7-3B03-93CD-BD0325119960} = {A38F54F9-1B51-3362-83BC-4D1A0C68B07C}
		{D18F7B5A-6376-3B3A-8953-FAC50880A0CC} = {A38F54F9-1B51-3362-83BC-4D1A0C68B07C}
		{30D4DF03-59ED-3538-A0FC-3F86A687093E} = {A38F54F9-1B51-3362-83BC-4D1A0C68B07C}
		{7B4ADAEF-9964-3EB3-A683-EFFD2F9CDF17} = {11B23C13-32BA-3668-B85C-3237D98311BC}
		{FEDAEE7D-5085-386E-9C0D-555F605F2C2D} = {11B23C13-32BA-3668-B85C-3237D98311BC}
		{B54226F5-9D57-39E0-B5E4-5645A4887A36} = {11B23C13-32BA-3668-B85C-3237D98311BC}
	EndGlobalSection
	GlobalSection(ExtensibilityGlobals) = postSolution
		SolutionGuid = {B2AFCCF8-0269-390C-9B56-49867CD4D43A}
	EndGlobalSection
	GlobalSection(ExtensibilityAddIns) = postSolution
	EndGlobalSection
EndGlobal
